{
  "originHash" : "0f6fa789e3ccd649ba0dc0bf0e62d112b1bbe417fa1c42d661c1038d7c38a0a3",
  "pins" : [
    {
      "identity" : "openai",
      "kind" : "remoteSourceControl",
      "location" : "https://github.com/MacPaw/OpenAI.git",
      "state" : {
        "revision" : "40f3d6cdb5a2ad72369984a8e0e99a28c6e46f47",
        "version" : "0.4.2"
      }
    }
  ],
  "version" : 3
}
