{
  "originHash" : "0f6fa789e3ccd649ba0dc0bf0e62d112b1bbe417fa1c42d661c1038d7c38a0a3",
  "pins" : [
    {
      "identity" : "openai",
      "kind" : "remoteSourceControl",
      "location" : "https://github.com/MacPaw/OpenAI.git",
      "state" : {
        "revision" : "7eef412b26b0b2af6add548bb60f25f306b41ee2",
        "version" : "0.4.1"
      }
    }
  ],
  "version" : 3
}
