// !$*UTF8*$!
{
	archiveVersion = 1;
	classes = {
	};
	objectVersion = 77;
	objects = {

/* Begin PBXBuildFile section */
		39A717E82DBF40DE001DF25D /* OpenAI in Frameworks */ = {isa = PBXBuildFile; productRef = 39A717E72DBF40DE001DF25D /* OpenAI */; };
/* End PBXBuildFile section */

/* Begin PBXContainerItemProxy section */
		39D4905A2DBC88EC00257A51 /* PBXContainerItemProxy */ = {
			isa = PBXContainerItemProxy;
			containerPortal = 39D490422DBC88E900257A51 /* Project object */;
			proxyType = 1;
			remoteGlobalIDString = 39D490492DBC88E900257A51;
			remoteInfo = DreamAnalyzer;
		};
		39D490642DBC88EC00257A51 /* PBXContainerItemProxy */ = {
			isa = PBXContainerItemProxy;
			containerPortal = 39D490422DBC88E900257A51 /* Project object */;
			proxyType = 1;
			remoteGlobalIDString = 39D490492DBC88E900257A51;
			remoteInfo = DreamAnalyzer;
		};
/* End PBXContainerItemProxy section */

/* Begin PBXFileReference section */
		39D4904A2DBC88E900257A51 /* DreamAnalyzer.app */ = {isa = PBXFileReference; explicitFileType = wrapper.application; includeInIndex = 0; path = DreamAnalyzer.app; sourceTree = BUILT_PRODUCTS_DIR; };
		39D490592DBC88EC00257A51 /* DreamAnalyzerTests.xctest */ = {isa = PBXFileReference; explicitFileType = wrapper.cfbundle; includeInIndex = 0; path = DreamAnalyzerTests.xctest; sourceTree = BUILT_PRODUCTS_DIR; };
		39D490632DBC88EC00257A51 /* DreamAnalyzerUITests.xctest */ = {isa = PBXFileReference; explicitFileType = wrapper.cfbundle; includeInIndex = 0; path = DreamAnalyzerUITests.xctest; sourceTree = BUILT_PRODUCTS_DIR; };
/* End PBXFileReference section */

/* Begin PBXFileSystemSynchronizedRootGroup section */
		39D4904C2DBC88E900257A51 /* DreamAnalyzer */ = {
			isa = PBXFileSystemSynchronizedRootGroup;
			path = DreamAnalyzer;
			sourceTree = "<group>";
		};
		39D4905C2DBC88EC00257A51 /* DreamAnalyzerTests */ = {
			isa = PBXFileSystemSynchronizedRootGroup;
			path = DreamAnalyzerTests;
			sourceTree = "<group>";
		};
		39D490662DBC88EC00257A51 /* DreamAnalyzerUITests */ = {
			isa = PBXFileSystemSynchronizedRootGroup;
			path = DreamAnalyzerUITests;
			sourceTree = "<group>";
		};
/* End PBXFileSystemSynchronizedRootGroup section */

/* Begin PBXFrameworksBuildPhase section */
		39D490472DBC88E900257A51 /* Frameworks */ = {
			isa = PBXFrameworksBuildPhase;
			buildActionMask = 2147483647;
			files = (
				39A717E82DBF40DE001DF25D /* OpenAI in Frameworks */,
			);
			runOnlyForDeploymentPostprocessing = 0;
		};
		39D490562DBC88EC00257A51 /* Frameworks */ = {
			isa = PBXFrameworksBuildPhase;
			buildActionMask = 2147483647;
			files = (
			);
			runOnlyForDeploymentPostprocessing = 0;
		};
		39D490602DBC88EC00257A51 /* Frameworks */ = {
			isa = PBXFrameworksBuildPhase;
			buildActionMask = 2147483647;
			files = (
			);
			runOnlyForDeploymentPostprocessing = 0;
		};
/* End PBXFrameworksBuildPhase section */

/* Begin PBXGroup section */
		39D490412DBC88E900257A51 = {
			isa = PBXGroup;
			children = (
				39D4904C2DBC88E900257A51 /* DreamAnalyzer */,
				39D4905C2DBC88EC00257A51 /* DreamAnalyzerTests */,
				39D490662DBC88EC00257A51 /* DreamAnalyzerUITests */,
				39D4904B2DBC88E900257A51 /* Products */,
			);
			sourceTree = "<group>";
		};
		39D4904B2DBC88E900257A51 /* Products */ = {
			isa = PBXGroup;
			children = (
				39D4904A2DBC88E900257A51 /* DreamAnalyzer.app */,
				39D490592DBC88EC00257A51 /* DreamAnalyzerTests.xctest */,
				39D490632DBC88EC00257A51 /* DreamAnalyzerUITests.xctest */,
			);
			name = Products;
			sourceTree = "<group>";
		};
/* End PBXGroup section */

/* Begin PBXNativeTarget section */
		39D490492DBC88E900257A51 /* DreamAnalyzer */ = {
			isa = PBXNativeTarget;
			buildConfigurationList = 39D4906D2DBC88EC00257A51 /* Build configuration list for PBXNativeTarget "DreamAnalyzer" */;
			buildPhases = (
				39D490462DBC88E900257A51 /* Sources */,
				39D490472DBC88E900257A51 /* Frameworks */,
				39D490482DBC88E900257A51 /* Resources */,
			);
			buildRules = (
			);
			dependencies = (
			);
			fileSystemSynchronizedGroups = (
				39D4904C2DBC88E900257A51 /* DreamAnalyzer */,
			);
			name = DreamAnalyzer;
			packageProductDependencies = (
				39A717E72DBF40DE001DF25D /* OpenAI */,
			);
			productName = DreamAnalyzer;
			productReference = 39D4904A2DBC88E900257A51 /* DreamAnalyzer.app */;
			productType = "com.apple.product-type.application";
		};
		39D490582DBC88EC00257A51 /* DreamAnalyzerTests */ = {
			isa = PBXNativeTarget;
			buildConfigurationList = 39D490702DBC88EC00257A51 /* Build configuration list for PBXNativeTarget "DreamAnalyzerTests" */;
			buildPhases = (
				39D490552DBC88EC00257A51 /* Sources */,
				39D490562DBC88EC00257A51 /* Frameworks */,
				39D490572DBC88EC00257A51 /* Resources */,
			);
			buildRules = (
			);
			dependencies = (
				39D4905B2DBC88EC00257A51 /* PBXTargetDependency */,
			);
			fileSystemSynchronizedGroups = (
				39D4905C2DBC88EC00257A51 /* DreamAnalyzerTests */,
			);
			name = DreamAnalyzerTests;
			packageProductDependencies = (
			);
			productName = DreamAnalyzerTests;
			productReference = 39D490592DBC88EC00257A51 /* DreamAnalyzerTests.xctest */;
			productType = "com.apple.product-type.bundle.unit-test";
		};
		39D490622DBC88EC00257A51 /* DreamAnalyzerUITests */ = {
			isa = PBXNativeTarget;
			buildConfigurationList = 39D490732DBC88EC00257A51 /* Build configuration list for PBXNativeTarget "DreamAnalyzerUITests" */;
			buildPhases = (
				39D4905F2DBC88EC00257A51 /* Sources */,
				39D490602DBC88EC00257A51 /* Frameworks */,
				39D490612DBC88EC00257A51 /* Resources */,
			);
			buildRules = (
			);
			dependencies = (
				39D490652DBC88EC00257A51 /* PBXTargetDependency */,
			);
			fileSystemSynchronizedGroups = (
				39D490662DBC88EC00257A51 /* DreamAnalyzerUITests */,
			);
			name = DreamAnalyzerUITests;
			packageProductDependencies = (
			);
			productName = DreamAnalyzerUITests;
			productReference = 39D490632DBC88EC00257A51 /* DreamAnalyzerUITests.xctest */;
			productType = "com.apple.product-type.bundle.ui-testing";
		};
/* End PBXNativeTarget section */

/* Begin PBXProject section */
		39D490422DBC88E900257A51 /* Project object */ = {
			isa = PBXProject;
			attributes = {
				BuildIndependentTargetsInParallel = 1;
				LastSwiftUpdateCheck = 1630;
				LastUpgradeCheck = 1630;
				TargetAttributes = {
					39D490492DBC88E900257A51 = {
						CreatedOnToolsVersion = 16.3;
					};
					39D490582DBC88EC00257A51 = {
						CreatedOnToolsVersion = 16.3;
						TestTargetID = 39D490492DBC88E900257A51;
					};
					39D490622DBC88EC00257A51 = {
						CreatedOnToolsVersion = 16.3;
						TestTargetID = 39D490492DBC88E900257A51;
					};
				};
			};
			buildConfigurationList = 39D490452DBC88E900257A51 /* Build configuration list for PBXProject "DreamAnalyzer" */;
			developmentRegion = en;
			hasScannedForEncodings = 0;
			knownRegions = (
				en,
				Base,
			);
			mainGroup = 39D490412DBC88E900257A51;
			minimizedProjectReferenceProxies = 1;
			packageReferences = (
				39A717E62DBF40DE001DF25D /* XCRemoteSwiftPackageReference "OpenAI" */,
			);
			preferredProjectObjectVersion = 77;
			productRefGroup = 39D4904B2DBC88E900257A51 /* Products */;
			projectDirPath = "";
			projectRoot = "";
			targets = (
				39D490492DBC88E900257A51 /* DreamAnalyzer */,
				39D490582DBC88EC00257A51 /* DreamAnalyzerTests */,
				39D490622DBC88EC00257A51 /* DreamAnalyzerUITests */,
			);
		};
/* End PBXProject section */

/* Begin PBXResourcesBuildPhase section */
		39D490482DBC88E900257A51 /* Resources */ = {
			isa = PBXResourcesBuildPhase;
			buildActionMask = 2147483647;
			files = (
			);
			runOnlyForDeploymentPostprocessing = 0;
		};
		39D490572DBC88EC00257A51 /* Resources */ = {
			isa = PBXResourcesBuildPhase;
			buildActionMask = 2147483647;
			files = (
			);
			runOnlyForDeploymentPostprocessing = 0;
		};
		39D490612DBC88EC00257A51 /* Resources */ = {
			isa = PBXResourcesBuildPhase;
			buildActionMask = 2147483647;
			files = (
			);
			runOnlyForDeploymentPostprocessing = 0;
		};
/* End PBXResourcesBuildPhase section */

/* Begin PBXSourcesBuildPhase section */
		39D490462DBC88E900257A51 /* Sources */ = {
			isa = PBXSourcesBuildPhase;
			buildActionMask = 2147483647;
			files = (
			);
			runOnlyForDeploymentPostprocessing = 0;
		};
		39D490552DBC88EC00257A51 /* Sources */ = {
			isa = PBXSourcesBuildPhase;
			buildActionMask = 2147483647;
			files = (
			);
			runOnlyForDeploymentPostprocessing = 0;
		};
		39D4905F2DBC88EC00257A51 /* Sources */ = {
			isa = PBXSourcesBuildPhase;
			buildActionMask = 2147483647;
			files = (
			);
			runOnlyForDeploymentPostprocessing = 0;
		};
/* End PBXSourcesBuildPhase section */

/* Begin PBXTargetDependency section */
		39D4905B2DBC88EC00257A51 /* PBXTargetDependency */ = {
			isa = PBXTargetDependency;
			target = 39D490492DBC88E900257A51 /* DreamAnalyzer */;
			targetProxy = 39D4905A2DBC88EC00257A51 /* PBXContainerItemProxy */;
		};
		39D490652DBC88EC00257A51 /* PBXTargetDependency */ = {
			isa = PBXTargetDependency;
			target = 39D490492DBC88E900257A51 /* DreamAnalyzer */;
			targetProxy = 39D490642DBC88EC00257A51 /* PBXContainerItemProxy */;
		};
/* End PBXTargetDependency section */

/* Begin XCBuildConfiguration section */
		39D4906B2DBC88EC00257A51 /* Debug */ = {
			isa = XCBuildConfiguration;
			buildSettings = {
				ALWAYS_SEARCH_USER_PATHS = NO;
				ASSETCATALOG_COMPILER_GENERATE_SWIFT_ASSET_SYMBOL_EXTENSIONS = YES;
				CLANG_ANALYZER_NONNULL = YES;
				CLANG_ANALYZER_NUMBER_OBJECT_CONVERSION = YES_AGGRESSIVE;
				CLANG_CXX_LANGUAGE_STANDARD = "gnu++20";
				CLANG_ENABLE_MODULES = YES;
				CLANG_ENABLE_OBJC_ARC = YES;
				CLANG_ENABLE_OBJC_WEAK = YES;
				CLANG_WARN_BLOCK_CAPTURE_AUTORELEASING = YES;
				CLANG_WARN_BOOL_CONVERSION = YES;
				CLANG_WARN_COMMA = YES;
				CLANG_WARN_CONSTANT_CONVERSION = YES;
				CLANG_WARN_DEPRECATED_OBJC_IMPLEMENTATIONS = YES;
				CLANG_WARN_DIRECT_OBJC_ISA_USAGE = YES_ERROR;
				CLANG_WARN_DOCUMENTATION_COMMENTS = YES;
				CLANG_WARN_EMPTY_BODY = YES;
				CLANG_WARN_ENUM_CONVERSION = YES;
				CLANG_WARN_INFINITE_RECURSION = YES;
				CLANG_WARN_INT_CONVERSION = YES;
				CLANG_WARN_NON_LITERAL_NULL_CONVERSION = YES;
				CLANG_WARN_OBJC_IMPLICIT_RETAIN_SELF = YES;
				CLANG_WARN_OBJC_LITERAL_CONVERSION = YES;
				CLANG_WARN_OBJC_ROOT_CLASS = YES_ERROR;
				CLANG_WARN_QUOTED_INCLUDE_IN_FRAMEWORK_HEADER = YES;
				CLANG_WARN_RANGE_LOOP_ANALYSIS = YES;
				CLANG_WARN_STRICT_PROTOTYPES = YES;
				CLANG_WARN_SUSPICIOUS_MOVE = YES;
				CLANG_WARN_UNGUARDED_AVAILABILITY = YES_AGGRESSIVE;
				CLANG_WARN_UNREACHABLE_CODE = YES;
				CLANG_WARN__DUPLICATE_METHOD_MATCH = YES;
				COPY_PHASE_STRIP = NO;
				DEBUG_INFORMATION_FORMAT = dwarf;
				ENABLE_STRICT_OBJC_MSGSEND = YES;
				ENABLE_TESTABILITY = YES;
				ENABLE_USER_SCRIPT_SANDBOXING = YES;
				GCC_C_LANGUAGE_STANDARD = gnu17;
				GCC_DYNAMIC_NO_PIC = NO;
				GCC_NO_COMMON_BLOCKS = YES;
				GCC_OPTIMIZATION_LEVEL = 0;
				GCC_PREPROCESSOR_DEFINITIONS = (
					"DEBUG=1",
					"$(inherited)",
				);
				GCC_WARN_64_TO_32_BIT_CONVERSION = YES;
				GCC_WARN_ABOUT_RETURN_TYPE = YES_ERROR;
				GCC_WARN_UNDECLARED_SELECTOR = YES;
				GCC_WARN_UNINITIALIZED_AUTOS = YES_AGGRESSIVE;
				GCC_WARN_UNUSED_FUNCTION = YES;
				GCC_WARN_UNUSED_VARIABLE = YES;
				IPHONEOS_DEPLOYMENT_TARGET = 18.4;
				LOCALIZATION_PREFERS_STRING_CATALOGS = YES;
				MTL_ENABLE_DEBUG_INFO = INCLUDE_SOURCE;
				MTL_FAST_MATH = YES;
				ONLY_ACTIVE_ARCH = YES;
				SDKROOT = iphoneos;
				SWIFT_ACTIVE_COMPILATION_CONDITIONS = "DEBUG $(inherited)";
				SWIFT_OPTIMIZATION_LEVEL = "-Onone";
			};
			name = Debug;
		};
		39D4906C2DBC88EC00257A51 /* Release */ = {
			isa = XCBuildConfiguration;
			buildSettings = {
				ALWAYS_SEARCH_USER_PATHS = NO;
				ASSETCATALOG_COMPILER_GENERATE_SWIFT_ASSET_SYMBOL_EXTENSIONS = YES;
				CLANG_ANALYZER_NONNULL = YES;
				CLANG_ANALYZER_NUMBER_OBJECT_CONVERSION = YES_AGGRESSIVE;
				CLANG_CXX_LANGUAGE_STANDARD = "gnu++20";
				CLANG_ENABLE_MODULES = YES;
				CLANG_ENABLE_OBJC_ARC = YES;
				CLANG_ENABLE_OBJC_WEAK = YES;
				CLANG_WARN_BLOCK_CAPTURE_AUTORELEASING = YES;
				CLANG_WARN_BOOL_CONVERSION = YES;
				CLANG_WARN_COMMA = YES;
				CLANG_WARN_CONSTANT_CONVERSION = YES;
				CLANG_WARN_DEPRECATED_OBJC_IMPLEMENTATIONS = YES;
				CLANG_WARN_DIRECT_OBJC_ISA_USAGE = YES_ERROR;
				CLANG_WARN_DOCUMENTATION_COMMENTS = YES;
				CLANG_WARN_EMPTY_BODY = YES;
				CLANG_WARN_ENUM_CONVERSION = YES;
				CLANG_WARN_INFINITE_RECURSION = YES;
				CLANG_WARN_INT_CONVERSION = YES;
				CLANG_WARN_NON_LITERAL_NULL_CONVERSION = YES;
				CLANG_WARN_OBJC_IMPLICIT_RETAIN_SELF = YES;
				CLANG_WARN_OBJC_LITERAL_CONVERSION = YES;
				CLANG_WARN_OBJC_ROOT_CLASS = YES_ERROR;
				CLANG_WARN_QUOTED_INCLUDE_IN_FRAMEWORK_HEADER = YES;
				CLANG_WARN_RANGE_LOOP_ANALYSIS = YES;
				CLANG_WARN_STRICT_PROTOTYPES = YES;
				CLANG_WARN_SUSPICIOUS_MOVE = YES;
				CLANG_WARN_UNGUARDED_AVAILABILITY = YES_AGGRESSIVE;
				CLANG_WARN_UNREACHABLE_CODE = YES;
				CLANG_WARN__DUPLICATE_METHOD_MATCH = YES;
				COPY_PHASE_STRIP = NO;
				DEBUG_INFORMATION_FORMAT = "dwarf-with-dsym";
				ENABLE_NS_ASSERTIONS = NO;
				ENABLE_STRICT_OBJC_MSGSEND = YES;
				ENABLE_USER_SCRIPT_SANDBOXING = YES;
				GCC_C_LANGUAGE_STANDARD = gnu17;
				GCC_NO_COMMON_BLOCKS = YES;
				GCC_WARN_64_TO_32_BIT_CONVERSION = YES;
				GCC_WARN_ABOUT_RETURN_TYPE = YES_ERROR;
				GCC_WARN_UNDECLARED_SELECTOR = YES;
				GCC_WARN_UNINITIALIZED_AUTOS = YES_AGGRESSIVE;
				GCC_WARN_UNUSED_FUNCTION = YES;
				GCC_WARN_UNUSED_VARIABLE = YES;
				IPHONEOS_DEPLOYMENT_TARGET = 18.4;
				LOCALIZATION_PREFERS_STRING_CATALOGS = YES;
				MTL_ENABLE_DEBUG_INFO = NO;
				MTL_FAST_MATH = YES;
				SDKROOT = iphoneos;
				SWIFT_COMPILATION_MODE = wholemodule;
				VALIDATE_PRODUCT = YES;
			};
			name = Release;
		};
		39D4906E2DBC88EC00257A51 /* Debug */ = {
			isa = XCBuildConfiguration;
			buildSettings = {
				ASSETCATALOG_COMPILER_APPICON_NAME = AppIcon;
				ASSETCATALOG_COMPILER_GLOBAL_ACCENT_COLOR_NAME = AccentColor;
				CODE_SIGN_STYLE = Automatic;
				CURRENT_PROJECT_VERSION = 1;
				ENABLE_PREVIEWS = YES;
				GENERATE_INFOPLIST_FILE = YES;
				INFOPLIST_KEY_UIApplicationSceneManifest_Generation = YES;
				INFOPLIST_KEY_UIApplicationSupportsIndirectInputEvents = YES;
				INFOPLIST_KEY_UILaunchScreen_Generation = YES;
				INFOPLIST_KEY_UISupportedInterfaceOrientations_iPad = "UIInterfaceOrientationPortrait UIInterfaceOrientationPortraitUpsideDown UIInterfaceOrientationLandscapeLeft UIInterfaceOrientationLandscapeRight";
				INFOPLIST_KEY_UISupportedInterfaceOrientations_iPhone = "UIInterfaceOrientationPortrait UIInterfaceOrientationLandscapeLeft UIInterfaceOrientationLandscapeRight";
				LD_RUNPATH_SEARCH_PATHS = (
					"$(inherited)",
					"@executable_path/Frameworks",
				);
				MARKETING_VERSION = 1.0;
				PRODUCT_BUNDLE_IDENTIFIER = timarutun.DreamAnalyzer;
				PRODUCT_NAME = "$(TARGET_NAME)";
				SWIFT_EMIT_LOC_STRINGS = YES;
				SWIFT_VERSION = 5.0;
				TARGETED_DEVICE_FAMILY = "1,2";
			};
			name = Debug;
		};
		39D4906F2DBC88EC00257A51 /* Release */ = {
			isa = XCBuildConfiguration;
			buildSettings = {
				ASSETCATALOG_COMPILER_APPICON_NAME = AppIcon;
				ASSETCATALOG_COMPILER_GLOBAL_ACCENT_COLOR_NAME = AccentColor;
				CODE_SIGN_STYLE = Automatic;
				CURRENT_PROJECT_VERSION = 1;
				ENABLE_PREVIEWS = YES;
				GENERATE_INFOPLIST_FILE = YES;
				INFOPLIST_KEY_UIApplicationSceneManifest_Generation = YES;
				INFOPLIST_KEY_UIApplicationSupportsIndirectInputEvents = YES;
				INFOPLIST_KEY_UILaunchScreen_Generation = YES;
				INFOPLIST_KEY_UISupportedInterfaceOrientations_iPad = "UIInterfaceOrientationPortrait UIInterfaceOrientationPortraitUpsideDown UIInterfaceOrientationLandscapeLeft UIInterfaceOrientationLandscapeRight";
				INFOPLIST_KEY_UISupportedInterfaceOrientations_iPhone = "UIInterfaceOrientationPortrait UIInterfaceOrientationLandscapeLeft UIInterfaceOrientationLandscapeRight";
				LD_RUNPATH_SEARCH_PATHS = (
					"$(inherited)",
					"@executable_path/Frameworks",
				);
				MARKETING_VERSION = 1.0;
				PRODUCT_BUNDLE_IDENTIFIER = timarutun.DreamAnalyzer;
				PRODUCT_NAME = "$(TARGET_NAME)";
				SWIFT_EMIT_LOC_STRINGS = YES;
				SWIFT_VERSION = 5.0;
				TARGETED_DEVICE_FAMILY = "1,2";
			};
			name = Release;
		};
		39D490712DBC88EC00257A51 /* Debug */ = {
			isa = XCBuildConfiguration;
			buildSettings = {
				BUNDLE_LOADER = "$(TEST_HOST)";
				CODE_SIGN_STYLE = Automatic;
				CURRENT_PROJECT_VERSION = 1;
				GENERATE_INFOPLIST_FILE = YES;
				IPHONEOS_DEPLOYMENT_TARGET = 18.4;
				MARKETING_VERSION = 1.0;
				PRODUCT_BUNDLE_IDENTIFIER = timarutun.DreamAnalyzerTests;
				PRODUCT_NAME = "$(TARGET_NAME)";
				SWIFT_EMIT_LOC_STRINGS = NO;
				SWIFT_VERSION = 5.0;
				TARGETED_DEVICE_FAMILY = "1,2";
				TEST_HOST = "$(BUILT_PRODUCTS_DIR)/DreamAnalyzer.app/$(BUNDLE_EXECUTABLE_FOLDER_PATH)/DreamAnalyzer";
			};
			name = Debug;
		};
		39D490722DBC88EC00257A51 /* Release */ = {
			isa = XCBuildConfiguration;
			buildSettings = {
				BUNDLE_LOADER = "$(TEST_HOST)";
				CODE_SIGN_STYLE = Automatic;
				CURRENT_PROJECT_VERSION = 1;
				GENERATE_INFOPLIST_FILE = YES;
				IPHONEOS_DEPLOYMENT_TARGET = 18.4;
				MARKETING_VERSION = 1.0;
				PRODUCT_BUNDLE_IDENTIFIER = timarutun.DreamAnalyzerTests;
				PRODUCT_NAME = "$(TARGET_NAME)";
				SWIFT_EMIT_LOC_STRINGS = NO;
				SWIFT_VERSION = 5.0;
				TARGETED_DEVICE_FAMILY = "1,2";
				TEST_HOST = "$(BUILT_PRODUCTS_DIR)/DreamAnalyzer.app/$(BUNDLE_EXECUTABLE_FOLDER_PATH)/DreamAnalyzer";
			};
			name = Release;
		};
		39D490742DBC88EC00257A51 /* Debug */ = {
			isa = XCBuildConfiguration;
			buildSettings = {
				CODE_SIGN_STYLE = Automatic;
				CURRENT_PROJECT_VERSION = 1;
				GENERATE_INFOPLIST_FILE = YES;
				MARKETING_VERSION = 1.0;
				PRODUCT_BUNDLE_IDENTIFIER = timarutun.DreamAnalyzerUITests;
				PRODUCT_NAME = "$(TARGET_NAME)";
				SWIFT_EMIT_LOC_STRINGS = NO;
				SWIFT_VERSION = 5.0;
				TARGETED_DEVICE_FAMILY = "1,2";
				TEST_TARGET_NAME = DreamAnalyzer;
			};
			name = Debug;
		};
		39D490752DBC88EC00257A51 /* Release */ = {
			isa = XCBuildConfiguration;
			buildSettings = {
				CODE_SIGN_STYLE = Automatic;
				CURRENT_PROJECT_VERSION = 1;
				GENERATE_INFOPLIST_FILE = YES;
				MARKETING_VERSION = 1.0;
				PRODUCT_BUNDLE_IDENTIFIER = timarutun.DreamAnalyzerUITests;
				PRODUCT_NAME = "$(TARGET_NAME)";
				SWIFT_EMIT_LOC_STRINGS = NO;
				SWIFT_VERSION = 5.0;
				TARGETED_DEVICE_FAMILY = "1,2";
				TEST_TARGET_NAME = DreamAnalyzer;
			};
			name = Release;
		};
/* End XCBuildConfiguration section */

/* Begin XCConfigurationList section */
		39D490452DBC88E900257A51 /* Build configuration list for PBXProject "DreamAnalyzer" */ = {
			isa = XCConfigurationList;
			buildConfigurations = (
				39D4906B2DBC88EC00257A51 /* Debug */,
				39D4906C2DBC88EC00257A51 /* Release */,
			);
			defaultConfigurationIsVisible = 0;
			defaultConfigurationName = Release;
		};
		39D4906D2DBC88EC00257A51 /* Build configuration list for PBXNativeTarget "DreamAnalyzer" */ = {
			isa = XCConfigurationList;
			buildConfigurations = (
				39D4906E2DBC88EC00257A51 /* Debug */,
				39D4906F2DBC88EC00257A51 /* Release */,
			);
			defaultConfigurationIsVisible = 0;
			defaultConfigurationName = Release;
		};
		39D490702DBC88EC00257A51 /* Build configuration list for PBXNativeTarget "DreamAnalyzerTests" */ = {
			isa = XCConfigurationList;
			buildConfigurations = (
				39D490712DBC88EC00257A51 /* Debug */,
				39D490722DBC88EC00257A51 /* Release */,
			);
			defaultConfigurationIsVisible = 0;
			defaultConfigurationName = Release;
		};
		39D490732DBC88EC00257A51 /* Build configuration list for PBXNativeTarget "DreamAnalyzerUITests" */ = {
			isa = XCConfigurationList;
			buildConfigurations = (
				39D490742DBC88EC00257A51 /* Debug */,
				39D490752DBC88EC00257A51 /* Release */,
			);
			defaultConfigurationIsVisible = 0;
			defaultConfigurationName = Release;
		};
/* End XCConfigurationList section */

/* Begin XCRemoteSwiftPackageReference section */
		39A717E62DBF40DE001DF25D /* XCRemoteSwiftPackageReference "OpenAI" */ = {
			isa = XCRemoteSwiftPackageReference;
			repositoryURL = "https://github.com/MacPaw/OpenAI.git";
			requirement = {
				kind = upToNextMajorVersion;
				minimumVersion = 0.4.1;
			};
		};
/* End XCRemoteSwiftPackageReference section */

/* Begin XCSwiftPackageProductDependency section */
		39A717E72DBF40DE001DF25D /* OpenAI */ = {
			isa = XCSwiftPackageProductDependency;
			package = 39A717E62DBF40DE001DF25D /* XCRemoteSwiftPackageReference "OpenAI" */;
			productName = OpenAI;
		};
/* End XCSwiftPackageProductDependency section */
	};
	rootObject = 39D490422DBC88E900257A51 /* Project object */;
}
